
Microsoft Visual Studio Solution File, Format Version 12.00
# Visual Studio Version 16
VisualStudioVersion = 16.0.32126.315
MinimumVisualStudioVersion = 10.0.40219.1
Project("{FAE04EC0-301F-11D3-BF4B-00C04F79EFBC}") = "Task01", "Task01\Task01.csproj", "{4C47750F-7954-41FB-8D76-8604D8D420B2}"
EndProject
Project("{FAE04EC0-301F-11D3-BF4B-00C04F79EFBC}") = "Task02", "Task02\Task02.csproj", "{AD072AB2-DDC4-4575-A772-E549D493DF28}"
EndProject
Project("{FAE04EC0-301F-11D3-BF4B-00C04F79EFBC}") = "Task03", "Task03\Task03.csproj", "{0FE83132-9335-4AE1-9446-9967D3EA563A}"
EndProject
Global
	GlobalSection(SolutionConfigurationPlatforms) = preSolution
		Debug|Any CPU = Debug|Any CPU
		Release|Any CPU = Release|Any CPU
	EndGlobalSection
	GlobalSection(ProjectConfigurationPlatforms) = postSolution
		{4C47750F-7954-41FB-8D76-8604D8D420B2}.Debug|Any CPU.ActiveCfg = Debug|Any CPU
		{4C47750F-7954-41FB-8D76-8604D8D420B2}.Debug|Any CPU.Build.0 = Debug|Any CPU
		{4C47750F-7954-41FB-8D76-8604D8D420B2}.Release|Any CPU.ActiveCfg = Release|Any CPU
		{4C47750F-7954-41FB-8D76-8604D8D420B2}.Release|Any CPU.Build.0 = Release|Any CPU
		{AD072AB2-DDC4-4575-A772-E549D493DF28}.Debug|Any CPU.ActiveCfg = Debug|Any CPU
		{AD072AB2-DDC4-4575-A772-E549D493DF28}.Debug|Any CPU.Build.0 = Debug|Any CPU
		{AD072AB2-DDC4-4575-A772-E549D493DF28}.Release|Any CPU.ActiveCfg = Release|Any CPU
		{AD072AB2-DDC4-4575-A772-E549D493DF28}.Release|Any CPU.Build.0 = Release|Any CPU
		{0FE83132-9335-4AE1-9446-9967D3EA563A}.Debug|Any CPU.ActiveCfg = Debug|Any CPU
		{0FE83132-9335-4AE1-9446-9967D3EA563A}.Debug|Any CPU.Build.0 = Debug|Any CPU
		{0FE83132-9335-4AE1-9446-9967D3EA563A}.Release|Any CPU.ActiveCfg = Release|Any CPU
		{0FE83132-9335-4AE1-9446-9967D3EA563A}.Release|Any CPU.Build.0 = Release|Any CPU
	EndGlobalSection
	GlobalSection(SolutionProperties) = preSolution
		HideSolutionNode = FALSE
	EndGlobalSection
	GlobalSection(ExtensibilityGlobals) = postSolution
		SolutionGuid = {48C9AE48-45E2-47D8-8B61-C482BF3C46CD}
	EndGlobalSection
EndGlobal
