
Microsoft Visual Studio Solution File, Format Version 12.00
# Visual Studio Version 16
VisualStudioVersion = 16.0.32126.315
MinimumVisualStudioVersion = 10.0.40219.1
Project("{FAE04EC0-301F-11D3-BF4B-00C04F79EFBC}") = "Task1", "Task1\Task1.csproj", "{A8A6E46E-2ABC-41AD-A5F6-90CBFA5A6B30}"
EndProject
Project("{FAE04EC0-301F-11D3-BF4B-00C04F79EFBC}") = "Task2", "Task2\Task2.csproj", "{2F205581-95F9-4EBF-B555-2590476662EF}"
EndProject
Global
	GlobalSection(SolutionConfigurationPlatforms) = preSolution
		Debug|Any CPU = Debug|Any CPU
		Release|Any CPU = Release|Any CPU
	EndGlobalSection
	GlobalSection(ProjectConfigurationPlatforms) = postSolution
		{A8A6E46E-2ABC-41AD-A5F6-90CBFA5A6B30}.Debug|Any CPU.ActiveCfg = Debug|Any CPU
		{A8A6E46E-2ABC-41AD-A5F6-90CBFA5A6B30}.Debug|Any CPU.Build.0 = Debug|Any CPU
		{A8A6E46E-2ABC-41AD-A5F6-90CBFA5A6B30}.Release|Any CPU.ActiveCfg = Release|Any CPU
		{A8A6E46E-2ABC-41AD-A5F6-90CBFA5A6B30}.Release|Any CPU.Build.0 = Release|Any CPU
		{2F205581-95F9-4EBF-B555-2590476662EF}.Debug|Any CPU.ActiveCfg = Debug|Any CPU
		{2F205581-95F9-4EBF-B555-2590476662EF}.Debug|Any CPU.Build.0 = Debug|Any CPU
		{2F205581-95F9-4EBF-B555-2590476662EF}.Release|Any CPU.ActiveCfg = Release|Any CPU
		{2F205581-95F9-4EBF-B555-2590476662EF}.Release|Any CPU.Build.0 = Release|Any CPU
	EndGlobalSection
	GlobalSection(SolutionProperties) = preSolution
		HideSolutionNode = FALSE
	EndGlobalSection
	GlobalSection(ExtensibilityGlobals) = postSolution
		SolutionGuid = {D415EFF4-C664-470F-BFAB-6D425C20D415}
	EndGlobalSection
EndGlobal
